{
  "pins" : [
    {
      "identity" : "cycloneddsprebuild",
      "kind" : "remoteSourceControl",
      "location" : "https://github.com/jc211/CycloneDDSPrebuild.git",
      "state" : {
        "branch" : "main",
        "revision" : "38991d7195f7d64eb9e1ae630bc2efbecada40d2"
      }
    },
    {
      "identity" : "flanimatedimage",
      "kind" : "remoteSourceControl",
      "location" : "https://github.com/Flipboard/FLAnimatedImage",
      "state" : {
        "revision" : "d4f07b6f164d53c1212c3e54d6460738b1981e9f",
        "version" : "1.0.17"
      }
    },
    {
      "identity" : "focusentity",
      "kind" : "remoteSourceControl",
      "location" : "https://github.com/maxxfrazer/FocusEntity",
      "state" : {
        "revision" : "68d404d7293225939cc717ce1115197c6e8a7af2",
        "version" : "2.5.0"
      }
    },
    {
      "identity" : "zip",
      "kind" : "remoteSourceControl",
      "location" : "https://github.com/marmelroy/Zip",
      "state" : {
        "branch" : "master",
        "revision" : "67fa55813b9e7b3b9acee9c0ae501def28746d76"
      }
    },
    {
      "identity" : "zipfoundation",
      "kind" : "remoteSourceControl",
      "location" : "https://github.com/weichsel/ZIPFoundation",
      "state" : {
        "revision" : "43ec568034b3731101dbf7670765d671c30f54f3",
        "version" : "0.9.16"
      }
    }
  ],
  "version" : 2
}
